{
  "name": "@regentslabs/autolaunch-cli",
  "version": "0.1.0",
  "lockfileVersion": 3,
  "requires": true,
  "packages": {
    "": {
      "name": "@regentslabs/autolaunch-cli",
      "version": "0.1.0",
      "license": "MIT",
      "bin": {
        "autolaunch": "bin/autolaunch.js"
      },
      "engines": {
        "node": ">=22.18"
      }
    }
  }
}
